
Microsoft Visual Studio Solution File, Format Version 12.00
# Visual Studio Version 17
VisualStudioVersion = 17.4.33110.190
MinimumVisualStudioVersion = 10.0.40219.1
Project("{FAE04EC0-301F-11D3-BF4B-00C04F79EFBC}") = "TecnoSphere", "TecnoSphere\TecnoSphere.csproj", "{CCF14F9D-DCD4-4C22-A74D-FCF1540438C0}"
EndProject
Global
	GlobalSection(SolutionConfigurationPlatforms) = preSolution
		Debug|Any CPU = Debug|Any CPU
		Release|Any CPU = Release|Any CPU
	EndGlobalSection
	GlobalSection(ProjectConfigurationPlatforms) = postSolution
		{CCF14F9D-DCD4-4C22-A74D-FCF1540438C0}.Debug|Any CPU.ActiveCfg = Debug|Any CPU
		{CCF14F9D-DCD4-4C22-A74D-FCF1540438C0}.Debug|Any CPU.Build.0 = Debug|Any CPU
		{CCF14F9D-DCD4-4C22-A74D-FCF1540438C0}.Release|Any CPU.ActiveCfg = Release|Any CPU
		{CCF14F9D-DCD4-4C22-A74D-FCF1540438C0}.Release|Any CPU.Build.0 = Release|Any CPU
	EndGlobalSection
	GlobalSection(SolutionProperties) = preSolution
		HideSolutionNode = FALSE
	EndGlobalSection
	GlobalSection(ExtensibilityGlobals) = postSolution
		SolutionGuid = {537D4F19-441F-4572-BF77-A5E4DAE644D3}
	EndGlobalSection
EndGlobal
